
Microsoft Visual Studio Solution File, Format Version 12.00
# Visual Studio 15
VisualStudioVersion = 15.0.25928.0
MinimumVisualStudioVersion = 10.0.40219.1
Project("{FAE04EC0-301F-11D3-BF4B-00C04F79EFBC}") = "Rvs.TestTools", "Rvs.TestTools\Rvs.TestTools.csproj", "{00E4632F-5BCF-4A14-AE62-2CC1FF9D26B8}"
EndProject
Project("{FAE04EC0-301F-11D3-BF4B-00C04F79EFBC}") = "Rvs.TestTools.Tests", "Rvs.TestTools.Tests\Rvs.TestTools.Tests.csproj", "{85132B00-8F7E-4D1D-91D6-0806E8C7EA4A}"
EndProject
Global
	GlobalSection(SolutionConfigurationPlatforms) = preSolution
		Debug|Any CPU = Debug|Any CPU
		Release|Any CPU = Release|Any CPU
	EndGlobalSection
	GlobalSection(ProjectConfigurationPlatforms) = postSolution
		{00E4632F-5BCF-4A14-AE62-2CC1FF9D26B8}.Debug|Any CPU.ActiveCfg = Debug|Any CPU
		{00E4632F-5BCF-4A14-AE62-2CC1FF9D26B8}.Debug|Any CPU.Build.0 = Debug|Any CPU
		{00E4632F-5BCF-4A14-AE62-2CC1FF9D26B8}.Release|Any CPU.ActiveCfg = Release|Any CPU
		{00E4632F-5BCF-4A14-AE62-2CC1FF9D26B8}.Release|Any CPU.Build.0 = Release|Any CPU
		{85132B00-8F7E-4D1D-91D6-0806E8C7EA4A}.Debug|Any CPU.ActiveCfg = Debug|Any CPU
		{85132B00-8F7E-4D1D-91D6-0806E8C7EA4A}.Debug|Any CPU.Build.0 = Debug|Any CPU
		{85132B00-8F7E-4D1D-91D6-0806E8C7EA4A}.Release|Any CPU.ActiveCfg = Release|Any CPU
		{85132B00-8F7E-4D1D-91D6-0806E8C7EA4A}.Release|Any CPU.Build.0 = Release|Any CPU
	EndGlobalSection
	GlobalSection(SolutionProperties) = preSolution
		HideSolutionNode = FALSE
	EndGlobalSection
EndGlobal
